PODS:
  - SwiftLint (0.34.0)
  - TiltUp (2.0.2)
  - TiltUpTest (2.0.2)

DEPENDENCIES:
  - SwiftLint
  - TiltUp (from `../`)
  - TiltUpTest (from `../`)

SPEC REPOS:
  https://github.com/CocoaPods/Specs.git:
    - SwiftLint

EXTERNAL SOURCES:
  TiltUp:
    :path: "../"
  TiltUpTest:
    :path: "../"

SPEC CHECKSUMS:
  SwiftLint: 79d48a17c6565dc286c37efb8322c7b450f95c67
  TiltUp: 2e2f0ad61a0015d436d6ea305cce13cc71948867
  TiltUpTest: c3d95dc3b8ecb75fb55815a0cdd86320b8a67030

PODFILE CHECKSUM: 0d4f1ec4b134b545eff29334fdeeb9db3c96e403

COCOAPODS: 1.8.1
