PODS:
  - SwiftLint (0.34.0)
  - TiltUp (2.3.2)
  - TiltUpTest (2.3.2):
    - TiltUp (= 2.3.2)

DEPENDENCIES:
  - SwiftLint
  - TiltUp (from `../`)
  - TiltUpTest (from `../`)

SPEC REPOS:
  trunk:
    - SwiftLint

EXTERNAL SOURCES:
  TiltUp:
    :path: "../"
  TiltUpTest:
    :path: "../"

SPEC CHECKSUMS:
  SwiftLint: 79d48a17c6565dc286c37efb8322c7b450f95c67
  TiltUp: 4e5ce5c772c217ef5af1030c5e4bcf4a00f5f253
  TiltUpTest: 2f8337b59a092358903a147fc5db00d2136071ea

PODFILE CHECKSUM: 59178fc1d37e1d262a19f2432a54024fd9ed50de

COCOAPODS: 1.9.0
