PODS:
  - SwiftLint (0.34.0)
  - TiltUp (0.4.3)
  - TiltUpTest (0.4.3)

DEPENDENCIES:
  - SwiftLint
  - TiltUp (from `../`)
  - TiltUpTest (from `../`)

SPEC REPOS:
  https://github.com/CocoaPods/Specs.git:
    - SwiftLint

EXTERNAL SOURCES:
  TiltUp:
    :path: "../"
  TiltUpTest:
    :path: "../"

SPEC CHECKSUMS:
  SwiftLint: 79d48a17c6565dc286c37efb8322c7b450f95c67
  TiltUp: 2b6d8db8ee1152dd4a95b38fc6b391cd791dc936
  TiltUpTest: 7cbd1a189fa2055d561105a92c23af6867b2a1ed

PODFILE CHECKSUM: c3ad4c36e5d17d3b4a90d5cf5f5b66d3221db5dd

COCOAPODS: 1.8.1
