PODS:
  - SwiftLint (0.34.0)
  - TiltUp (2.6.0)
  - TiltUpTest (2.6.0):
    - TiltUp (= 2.6.0)

DEPENDENCIES:
  - SwiftLint
  - TiltUp (from `../../`)
  - TiltUpTest (from `../../`)

SPEC REPOS:
  trunk:
    - SwiftLint

EXTERNAL SOURCES:
  TiltUp:
    :path: "../../"
  TiltUpTest:
    :path: "../../"

SPEC CHECKSUMS:
  SwiftLint: 79d48a17c6565dc286c37efb8322c7b450f95c67
  TiltUp: c9b196d4608620fcaff646c12ab6fd2bb64d57c7
  TiltUpTest: 0d04493790bdd78a7b544c0fe00e13c5b549100d

PODFILE CHECKSUM: 0e23ef3e43ff7a2a471fd59d57def6d19f6f9e9e

COCOAPODS: 1.9.0
