PODS:
  - SwiftLint (0.34.0)
  - TiltUp (4.1.0)
  - TiltUpTest (4.1.0):
    - TiltUp (= 4.1.0)

DEPENDENCIES:
  - SwiftLint
  - TiltUp (from `../../`)
  - TiltUpTest (from `../../`)

SPEC REPOS:
  trunk:
    - SwiftLint

EXTERNAL SOURCES:
  TiltUp:
    :path: "../../"
  TiltUpTest:
    :path: "../../"

SPEC CHECKSUMS:
  SwiftLint: 79d48a17c6565dc286c37efb8322c7b450f95c67
  TiltUp: a690fed7a691faa9e59de9022d382196fe316859
  TiltUpTest: d4b66493a061126cf4e7e6cc2b4af33a149aed26

PODFILE CHECKSUM: 09f75ed10279ae615ecf86a29c2627931ad6bade

COCOAPODS: 1.11.2
