PODS:
  - SwiftLint (0.34.0)
  - TiltUp (5.0.0)
  - TiltUpTest (5.0.0):
    - TiltUp (= 5.0.0)

DEPENDENCIES:
  - SwiftLint
  - TiltUp (from `../../`)
  - TiltUpTest (from `../../`)

SPEC REPOS:
  trunk:
    - SwiftLint

EXTERNAL SOURCES:
  TiltUp:
    :path: "../../"
  TiltUpTest:
    :path: "../../"

SPEC CHECKSUMS:
  SwiftLint: 79d48a17c6565dc286c37efb8322c7b450f95c67
  TiltUp: 3bcf1e978955fbfb898ebff3b2498f8470da40ec
  TiltUpTest: 329e22e9fc02ebc19ef244a5d51b685828dce911

PODFILE CHECKSUM: 09f75ed10279ae615ecf86a29c2627931ad6bade

COCOAPODS: 1.11.2
