// !$*UTF8*$!
{
	archiveVersion = 1;
	classes = {
	};
	objectVersion = 46;
	objects = {

/* Begin PBXBuildFile section */
		0B25C6642304730500F88096 /* LaunchScreen.xib in Resources */ = {isa = PBXBuildFile; fileRef = 0B25C6552304730500F88096 /* LaunchScreen.xib */; };
		0B25C6662304730500F88096 /* Images.xcassets in Resources */ = {isa = PBXBuildFile; fileRef = 0B25C6592304730500F88096 /* Images.xcassets */; };
		0B25C6672304730500F88096 /* HomeController.swift in Sources */ = {isa = PBXBuildFile; fileRef = 0B25C65C2304730500F88096 /* HomeController.swift */; };
		0B25C6682304730500F88096 /* HomeViewModel.swift in Sources */ = {isa = PBXBuildFile; fileRef = 0B25C65D2304730500F88096 /* HomeViewModel.swift */; };
		0B25C6692304730500F88096 /* Home.storyboard in Resources */ = {isa = PBXBuildFile; fileRef = 0B25C65E2304730500F88096 /* Home.storyboard */; };
		0B25C66A2304730500F88096 /* HomeCoordinator.swift in Sources */ = {isa = PBXBuildFile; fileRef = 0B25C65F2304730500F88096 /* HomeCoordinator.swift */; };
		0B25C66B2304730500F88096 /* BootstrapCoordinator.swift in Sources */ = {isa = PBXBuildFile; fileRef = 0B25C6612304730500F88096 /* BootstrapCoordinator.swift */; };
		0B25C6762304C2B300F88096 /* TestCoordinator.swift in Sources */ = {isa = PBXBuildFile; fileRef = 0B25C6702304C2B200F88096 /* TestCoordinator.swift */; };
		0B25C6772304C2B300F88096 /* XCTestCase+assertUnwrap.swift in Sources */ = {isa = PBXBuildFile; fileRef = 0B25C6712304C2B200F88096 /* XCTestCase+assertUnwrap.swift */; };
		0B25C6782304C2B300F88096 /* TestNavigationController.swift in Sources */ = {isa = PBXBuildFile; fileRef = 0B25C6722304C2B200F88096 /* TestNavigationController.swift */; };
		0B25C6792304C2B300F88096 /* TestAppCoordinator.swift in Sources */ = {isa = PBXBuildFile; fileRef = 0B25C6732304C2B200F88096 /* TestAppCoordinator.swift */; };
		0B25C67A2304C2B300F88096 /* XCTestCase+assertCast.swift in Sources */ = {isa = PBXBuildFile; fileRef = 0B25C6742304C2B200F88096 /* XCTestCase+assertCast.swift */; };
		0B25C67B2304C2B300F88096 /* XCTestCase+assertType.swift in Sources */ = {isa = PBXBuildFile; fileRef = 0B25C6752304C2B200F88096 /* XCTestCase+assertType.swift */; };
		607FACD61AFB9204008FA782 /* AppDelegate.swift in Sources */ = {isa = PBXBuildFile; fileRef = 607FACD51AFB9204008FA782 /* AppDelegate.swift */; };
		D2AD536E23B5325850E8AD51 /* Pods_TiltUp_Tests.framework in Frameworks */ = {isa = PBXBuildFile; fileRef = 232A76C814583E4EC3E95A2D /* Pods_TiltUp_Tests.framework */; };
		F8AE617228BD766A5EBD3BF9 /* Pods_TiltUp_Example.framework in Frameworks */ = {isa = PBXBuildFile; fileRef = 0B894AE031CE2AA7B0F3A355 /* Pods_TiltUp_Example.framework */; };
/* End PBXBuildFile section */

/* Begin PBXContainerItemProxy section */
		607FACE61AFB9204008FA782 /* PBXContainerItemProxy */ = {
			isa = PBXContainerItemProxy;
			containerPortal = 607FACC81AFB9204008FA782 /* Project object */;
			proxyType = 1;
			remoteGlobalIDString = 607FACCF1AFB9204008FA782;
			remoteInfo = TiltUp;
		};
/* End PBXContainerItemProxy section */

/* Begin PBXFileReference section */
		0B25C6562304730500F88096 /* Base */ = {isa = PBXFileReference; lastKnownFileType = file.xib; name = Base; path = Base.lproj/LaunchScreen.xib; sourceTree = "<group>"; };
		0B25C6592304730500F88096 /* Images.xcassets */ = {isa = PBXFileReference; lastKnownFileType = folder.assetcatalog; path = Images.xcassets; sourceTree = "<group>"; };
		0B25C65C2304730500F88096 /* HomeController.swift */ = {isa = PBXFileReference; fileEncoding = 4; lastKnownFileType = sourcecode.swift; path = HomeController.swift; sourceTree = "<group>"; };
		0B25C65D2304730500F88096 /* HomeViewModel.swift */ = {isa = PBXFileReference; fileEncoding = 4; lastKnownFileType = sourcecode.swift; path = HomeViewModel.swift; sourceTree = "<group>"; };
		0B25C65E2304730500F88096 /* Home.storyboard */ = {isa = PBXFileReference; fileEncoding = 4; lastKnownFileType = file.storyboard; path = Home.storyboard; sourceTree = "<group>"; };
		0B25C65F2304730500F88096 /* HomeCoordinator.swift */ = {isa = PBXFileReference; fileEncoding = 4; lastKnownFileType = sourcecode.swift; path = HomeCoordinator.swift; sourceTree = "<group>"; };
		0B25C6612304730500F88096 /* BootstrapCoordinator.swift */ = {isa = PBXFileReference; fileEncoding = 4; lastKnownFileType = sourcecode.swift; path = BootstrapCoordinator.swift; sourceTree = "<group>"; };
		0B25C6632304730500F88096 /* Info.plist */ = {isa = PBXFileReference; fileEncoding = 4; lastKnownFileType = text.plist.xml; path = Info.plist; sourceTree = "<group>"; };
		0B25C6702304C2B200F88096 /* TestCoordinator.swift */ = {isa = PBXFileReference; fileEncoding = 4; lastKnownFileType = sourcecode.swift; path = TestCoordinator.swift; sourceTree = "<group>"; };
		0B25C6712304C2B200F88096 /* XCTestCase+assertUnwrap.swift */ = {isa = PBXFileReference; fileEncoding = 4; lastKnownFileType = sourcecode.swift; path = "XCTestCase+assertUnwrap.swift"; sourceTree = "<group>"; };
		0B25C6722304C2B200F88096 /* TestNavigationController.swift */ = {isa = PBXFileReference; fileEncoding = 4; lastKnownFileType = sourcecode.swift; path = TestNavigationController.swift; sourceTree = "<group>"; };
		0B25C6732304C2B200F88096 /* TestAppCoordinator.swift */ = {isa = PBXFileReference; fileEncoding = 4; lastKnownFileType = sourcecode.swift; path = TestAppCoordinator.swift; sourceTree = "<group>"; };
		0B25C6742304C2B200F88096 /* XCTestCase+assertCast.swift */ = {isa = PBXFileReference; fileEncoding = 4; lastKnownFileType = sourcecode.swift; path = "XCTestCase+assertCast.swift"; sourceTree = "<group>"; };
		0B25C6752304C2B200F88096 /* XCTestCase+assertType.swift */ = {isa = PBXFileReference; fileEncoding = 4; lastKnownFileType = sourcecode.swift; path = "XCTestCase+assertType.swift"; sourceTree = "<group>"; };
		0B894AE031CE2AA7B0F3A355 /* Pods_TiltUp_Example.framework */ = {isa = PBXFileReference; explicitFileType = wrapper.framework; includeInIndex = 0; path = Pods_TiltUp_Example.framework; sourceTree = BUILT_PRODUCTS_DIR; };
		232A76C814583E4EC3E95A2D /* Pods_TiltUp_Tests.framework */ = {isa = PBXFileReference; explicitFileType = wrapper.framework; includeInIndex = 0; path = Pods_TiltUp_Tests.framework; sourceTree = BUILT_PRODUCTS_DIR; };
		2FA9E4AC8DE3E20AC3AB43CA /* Pods-TiltUp_Example.debug.xcconfig */ = {isa = PBXFileReference; includeInIndex = 1; lastKnownFileType = text.xcconfig; name = "Pods-TiltUp_Example.debug.xcconfig"; path = "Target Support Files/Pods-TiltUp_Example/Pods-TiltUp_Example.debug.xcconfig"; sourceTree = "<group>"; };
		39E440778FA32823EB6A6FE1 /* Pods-TiltUp_Tests.release.xcconfig */ = {isa = PBXFileReference; includeInIndex = 1; lastKnownFileType = text.xcconfig; name = "Pods-TiltUp_Tests.release.xcconfig"; path = "Target Support Files/Pods-TiltUp_Tests/Pods-TiltUp_Tests.release.xcconfig"; sourceTree = "<group>"; };
		607FACD01AFB9204008FA782 /* TiltUp_Example.app */ = {isa = PBXFileReference; explicitFileType = wrapper.application; includeInIndex = 0; path = TiltUp_Example.app; sourceTree = BUILT_PRODUCTS_DIR; };
		607FACD51AFB9204008FA782 /* AppDelegate.swift */ = {isa = PBXFileReference; lastKnownFileType = sourcecode.swift; path = AppDelegate.swift; sourceTree = "<group>"; };
		607FACE51AFB9204008FA782 /* TiltUp_Tests.xctest */ = {isa = PBXFileReference; explicitFileType = wrapper.cfbundle; includeInIndex = 0; path = TiltUp_Tests.xctest; sourceTree = BUILT_PRODUCTS_DIR; };
		607FACEA1AFB9204008FA782 /* Info.plist */ = {isa = PBXFileReference; lastKnownFileType = text.plist.xml; path = Info.plist; sourceTree = "<group>"; };
		6563910A36017DC5D3364786 /* README.md */ = {isa = PBXFileReference; includeInIndex = 1; lastKnownFileType = net.daringfireball.markdown; name = README.md; path = ../README.md; sourceTree = "<group>"; };
		69E167773BC93AD45EE2331A /* Pods-TiltUp_Tests.debug.xcconfig */ = {isa = PBXFileReference; includeInIndex = 1; lastKnownFileType = text.xcconfig; name = "Pods-TiltUp_Tests.debug.xcconfig"; path = "Target Support Files/Pods-TiltUp_Tests/Pods-TiltUp_Tests.debug.xcconfig"; sourceTree = "<group>"; };
		8DF9D5246472A46303CD5C66 /* Pods-TiltUp_Example.release.xcconfig */ = {isa = PBXFileReference; includeInIndex = 1; lastKnownFileType = text.xcconfig; name = "Pods-TiltUp_Example.release.xcconfig"; path = "Target Support Files/Pods-TiltUp_Example/Pods-TiltUp_Example.release.xcconfig"; sourceTree = "<group>"; };
		C7D1B88FB3EE56F1DD79BACA /* TiltUp.podspec */ = {isa = PBXFileReference; includeInIndex = 1; lastKnownFileType = text; name = TiltUp.podspec; path = ../TiltUp.podspec; sourceTree = "<group>"; xcLanguageSpecificationIdentifier = xcode.lang.ruby; };
/* End PBXFileReference section */

/* Begin PBXFrameworksBuildPhase section */
		607FACCD1AFB9204008FA782 /* Frameworks */ = {
			isa = PBXFrameworksBuildPhase;
			buildActionMask = 2147483647;
			files = (
				F8AE617228BD766A5EBD3BF9 /* Pods_TiltUp_Example.framework in Frameworks */,
			);
			runOnlyForDeploymentPostprocessing = 0;
		};
		607FACE21AFB9204008FA782 /* Frameworks */ = {
			isa = PBXFrameworksBuildPhase;
			buildActionMask = 2147483647;
			files = (
				D2AD536E23B5325850E8AD51 /* Pods_TiltUp_Tests.framework in Frameworks */,
			);
			runOnlyForDeploymentPostprocessing = 0;
		};
/* End PBXFrameworksBuildPhase section */

/* Begin PBXGroup section */
		0B25C6542304730500F88096 /* Resources */ = {
			isa = PBXGroup;
			children = (
				0B25C6552304730500F88096 /* LaunchScreen.xib */,
				0B25C6592304730500F88096 /* Images.xcassets */,
			);
			path = Resources;
			sourceTree = "<group>";
		};
		0B25C65A2304730500F88096 /* Screens */ = {
			isa = PBXGroup;
			children = (
				0B25C6602304730500F88096 /* Bootstrap */,
				0B25C65B2304730500F88096 /* Home */,
			);
			path = Screens;
			sourceTree = "<group>";
		};
		0B25C65B2304730500F88096 /* Home */ = {
			isa = PBXGroup;
			children = (
				0B25C65C2304730500F88096 /* HomeController.swift */,
				0B25C65D2304730500F88096 /* HomeViewModel.swift */,
				0B25C65E2304730500F88096 /* Home.storyboard */,
				0B25C65F2304730500F88096 /* HomeCoordinator.swift */,
			);
			path = Home;
			sourceTree = "<group>";
		};
		0B25C6602304730500F88096 /* Bootstrap */ = {
			isa = PBXGroup;
			children = (
				0B25C6612304730500F88096 /* BootstrapCoordinator.swift */,
			);
			path = Bootstrap;
			sourceTree = "<group>";
		};
		0B25C6622304730500F88096 /* SupportFiles */ = {
			isa = PBXGroup;
			children = (
				0B25C6632304730500F88096 /* Info.plist */,
			);
			path = SupportFiles;
			sourceTree = "<group>";
		};
		0B25C66F2304C2B200F88096 /* Architecture */ = {
			isa = PBXGroup;
			children = (
				0B25C6732304C2B200F88096 /* TestAppCoordinator.swift */,
				0B25C6702304C2B200F88096 /* TestCoordinator.swift */,
				0B25C6722304C2B200F88096 /* TestNavigationController.swift */,
				0B25C6742304C2B200F88096 /* XCTestCase+assertCast.swift */,
				0B25C6752304C2B200F88096 /* XCTestCase+assertType.swift */,
				0B25C6712304C2B200F88096 /* XCTestCase+assertUnwrap.swift */,
			);
			path = Architecture;
			sourceTree = "<group>";
		};
		2F5FFF7E7EE701DECBE5E8F2 /* Pods */ = {
			isa = PBXGroup;
			children = (
				2FA9E4AC8DE3E20AC3AB43CA /* Pods-TiltUp_Example.debug.xcconfig */,
				8DF9D5246472A46303CD5C66 /* Pods-TiltUp_Example.release.xcconfig */,
				69E167773BC93AD45EE2331A /* Pods-TiltUp_Tests.debug.xcconfig */,
				39E440778FA32823EB6A6FE1 /* Pods-TiltUp_Tests.release.xcconfig */,
			);
			path = Pods;
			sourceTree = "<group>";
		};
		607FACC71AFB9204008FA782 = {
			isa = PBXGroup;
			children = (
				607FACD21AFB9204008FA782 /* Example for TiltUp */,
				79E29CEF3D2EBE45B558E67C /* Frameworks */,
				2F5FFF7E7EE701DECBE5E8F2 /* Pods */,
				607FACF51AFB993E008FA782 /* Podspec Metadata */,
				607FACD11AFB9204008FA782 /* Products */,
				607FACE81AFB9204008FA782 /* Tests */,
			);
			sourceTree = "<group>";
		};
		607FACD11AFB9204008FA782 /* Products */ = {
			isa = PBXGroup;
			children = (
				607FACD01AFB9204008FA782 /* TiltUp_Example.app */,
				607FACE51AFB9204008FA782 /* TiltUp_Tests.xctest */,
			);
			name = Products;
			sourceTree = "<group>";
		};
		607FACD21AFB9204008FA782 /* Example for TiltUp */ = {
			isa = PBXGroup;
			children = (
				607FACD51AFB9204008FA782 /* AppDelegate.swift */,
				0B25C6542304730500F88096 /* Resources */,
				0B25C65A2304730500F88096 /* Screens */,
				0B25C6622304730500F88096 /* SupportFiles */,
			);
			name = "Example for TiltUp";
			path = TiltUp;
			sourceTree = "<group>";
		};
		607FACE81AFB9204008FA782 /* Tests */ = {
			isa = PBXGroup;
			children = (
				0B25C66F2304C2B200F88096 /* Architecture */,
				607FACE91AFB9204008FA782 /* Supporting Files */,
			);
			path = Tests;
			sourceTree = "<group>";
		};
		607FACE91AFB9204008FA782 /* Supporting Files */ = {
			isa = PBXGroup;
			children = (
				607FACEA1AFB9204008FA782 /* Info.plist */,
			);
			name = "Supporting Files";
			sourceTree = "<group>";
		};
		607FACF51AFB993E008FA782 /* Podspec Metadata */ = {
			isa = PBXGroup;
			children = (
				C7D1B88FB3EE56F1DD79BACA /* TiltUp.podspec */,
				6563910A36017DC5D3364786 /* README.md */,
			);
			name = "Podspec Metadata";
			sourceTree = "<group>";
		};
		79E29CEF3D2EBE45B558E67C /* Frameworks */ = {
			isa = PBXGroup;
			children = (
				0B894AE031CE2AA7B0F3A355 /* Pods_TiltUp_Example.framework */,
				232A76C814583E4EC3E95A2D /* Pods_TiltUp_Tests.framework */,
			);
			name = Frameworks;
			sourceTree = "<group>";
		};
/* End PBXGroup section */

/* Begin PBXNativeTarget section */
		607FACCF1AFB9204008FA782 /* TiltUp_Example */ = {
			isa = PBXNativeTarget;
			buildConfigurationList = 607FACEF1AFB9204008FA782 /* Build configuration list for PBXNativeTarget "TiltUp_Example" */;
			buildPhases = (
				5C9D509693E02E55D75885DB /* [CP] Check Pods Manifest.lock */,
				607FACCC1AFB9204008FA782 /* Sources */,
				607FACCD1AFB9204008FA782 /* Frameworks */,
				607FACCE1AFB9204008FA782 /* Resources */,
				0B4D841C22FE4843001FE55D /* Run SwiftLint */,
				AAE434910E1D0D10428AE15C /* [CP] Embed Pods Frameworks */,
			);
			buildRules = (
			);
			dependencies = (
			);
			name = TiltUp_Example;
			productName = TiltUp;
			productReference = 607FACD01AFB9204008FA782 /* TiltUp_Example.app */;
			productType = "com.apple.product-type.application";
		};
		607FACE41AFB9204008FA782 /* TiltUp_Tests */ = {
			isa = PBXNativeTarget;
			buildConfigurationList = 607FACF21AFB9204008FA782 /* Build configuration list for PBXNativeTarget "TiltUp_Tests" */;
			buildPhases = (
				3EC77357B2B00B40B03CBE67 /* [CP] Check Pods Manifest.lock */,
				607FACE11AFB9204008FA782 /* Sources */,
				607FACE21AFB9204008FA782 /* Frameworks */,
				607FACE31AFB9204008FA782 /* Resources */,
			);
			buildRules = (
			);
			dependencies = (
				607FACE71AFB9204008FA782 /* PBXTargetDependency */,
			);
			name = TiltUp_Tests;
			productName = Tests;
			productReference = 607FACE51AFB9204008FA782 /* TiltUp_Tests.xctest */;
			productType = "com.apple.product-type.bundle.unit-test";
		};
/* End PBXNativeTarget section */

/* Begin PBXProject section */
		607FACC81AFB9204008FA782 /* Project object */ = {
			isa = PBXProject;
			attributes = {
				LastSwiftUpdateCheck = 0830;
				LastUpgradeCheck = 1020;
				ORGANIZATIONNAME = Clutter;
				TargetAttributes = {
					607FACCF1AFB9204008FA782 = {
						CreatedOnToolsVersion = 6.3.1;
						LastSwiftMigration = 1020;
					};
					607FACE41AFB9204008FA782 = {
						CreatedOnToolsVersion = 6.3.1;
						LastSwiftMigration = 1020;
						TestTargetID = 607FACCF1AFB9204008FA782;
					};
				};
			};
			buildConfigurationList = 607FACCB1AFB9204008FA782 /* Build configuration list for PBXProject "TiltUp" */;
			compatibilityVersion = "Xcode 3.2";
			developmentRegion = en;
			hasScannedForEncodings = 0;
			knownRegions = (
				en,
				Base,
			);
			mainGroup = 607FACC71AFB9204008FA782;
			productRefGroup = 607FACD11AFB9204008FA782 /* Products */;
			projectDirPath = "";
			projectRoot = "";
			targets = (
				607FACCF1AFB9204008FA782 /* TiltUp_Example */,
				607FACE41AFB9204008FA782 /* TiltUp_Tests */,
			);
		};
/* End PBXProject section */

/* Begin PBXResourcesBuildPhase section */
		607FACCE1AFB9204008FA782 /* Resources */ = {
			isa = PBXResourcesBuildPhase;
			buildActionMask = 2147483647;
			files = (
				0B25C6662304730500F88096 /* Images.xcassets in Resources */,
				0B25C6642304730500F88096 /* LaunchScreen.xib in Resources */,
				0B25C6692304730500F88096 /* Home.storyboard in Resources */,
			);
			runOnlyForDeploymentPostprocessing = 0;
		};
		607FACE31AFB9204008FA782 /* Resources */ = {
			isa = PBXResourcesBuildPhase;
			buildActionMask = 2147483647;
			files = (
			);
			runOnlyForDeploymentPostprocessing = 0;
		};
/* End PBXResourcesBuildPhase section */

/* Begin PBXShellScriptBuildPhase section */
		0B4D841C22FE4843001FE55D /* Run SwiftLint */ = {
			isa = PBXShellScriptBuildPhase;
			buildActionMask = 2147483647;
			files = (
			);
			inputFileListPaths = (
			);
			inputPaths = (
			);
			name = "Run SwiftLint";
			outputFileListPaths = (
			);
			outputPaths = (
			);
			runOnlyForDeploymentPostprocessing = 0;
			shellPath = /bin/sh;
			shellScript = "if which ${PODS_ROOT}/SwiftLint/swiftlint >/dev/null; then\n  ${PODS_ROOT}/SwiftLint/swiftlint\nelse\n  echo \"SwiftLint does not exist\"\n  exit 1\nfi\n";
		};
		3EC77357B2B00B40B03CBE67 /* [CP] Check Pods Manifest.lock */ = {
			isa = PBXShellScriptBuildPhase;
			buildActionMask = 2147483647;
			files = (
			);
			inputFileListPaths = (
			);
			inputPaths = (
				"${PODS_PODFILE_DIR_PATH}/Podfile.lock",
				"${PODS_ROOT}/Manifest.lock",
			);
			name = "[CP] Check Pods Manifest.lock";
			outputFileListPaths = (
			);
			outputPaths = (
				"$(DERIVED_FILE_DIR)/Pods-TiltUp_Tests-checkManifestLockResult.txt",
			);
			runOnlyForDeploymentPostprocessing = 0;
			shellPath = /bin/sh;
			shellScript = "diff \"${PODS_PODFILE_DIR_PATH}/Podfile.lock\" \"${PODS_ROOT}/Manifest.lock\" > /dev/null\nif [ $? != 0 ] ; then\n    # print error to STDERR\n    echo \"error: The sandbox is not in sync with the Podfile.lock. Run 'pod install' or update your CocoaPods installation.\" >&2\n    exit 1\nfi\n# This output is used by Xcode 'outputs' to avoid re-running this script phase.\necho \"SUCCESS\" > \"${SCRIPT_OUTPUT_FILE_0}\"\n";
			showEnvVarsInLog = 0;
		};
		5C9D509693E02E55D75885DB /* [CP] Check Pods Manifest.lock */ = {
			isa = PBXShellScriptBuildPhase;
			buildActionMask = 2147483647;
			files = (
			);
			inputFileListPaths = (
			);
			inputPaths = (
				"${PODS_PODFILE_DIR_PATH}/Podfile.lock",
				"${PODS_ROOT}/Manifest.lock",
			);
			name = "[CP] Check Pods Manifest.lock";
			outputFileListPaths = (
			);
			outputPaths = (
				"$(DERIVED_FILE_DIR)/Pods-TiltUp_Example-checkManifestLockResult.txt",
			);
			runOnlyForDeploymentPostprocessing = 0;
			shellPath = /bin/sh;
			shellScript = "diff \"${PODS_PODFILE_DIR_PATH}/Podfile.lock\" \"${PODS_ROOT}/Manifest.lock\" > /dev/null\nif [ $? != 0 ] ; then\n    # print error to STDERR\n    echo \"error: The sandbox is not in sync with the Podfile.lock. Run 'pod install' or update your CocoaPods installation.\" >&2\n    exit 1\nfi\n# This output is used by Xcode 'outputs' to avoid re-running this script phase.\necho \"SUCCESS\" > \"${SCRIPT_OUTPUT_FILE_0}\"\n";
			showEnvVarsInLog = 0;
		};
		AAE434910E1D0D10428AE15C /* [CP] Embed Pods Frameworks */ = {
			isa = PBXShellScriptBuildPhase;
			buildActionMask = 2147483647;
			files = (
			);
			inputPaths = (
				"${PODS_ROOT}/Target Support Files/Pods-TiltUp_Example/Pods-TiltUp_Example-frameworks.sh",
				"${BUILT_PRODUCTS_DIR}/TiltUp/TiltUp.framework",
			);
			name = "[CP] Embed Pods Frameworks";
			outputPaths = (
				"${TARGET_BUILD_DIR}/${FRAMEWORKS_FOLDER_PATH}/TiltUp.framework",
			);
			runOnlyForDeploymentPostprocessing = 0;
			shellPath = /bin/sh;
			shellScript = "\"${PODS_ROOT}/Target Support Files/Pods-TiltUp_Example/Pods-TiltUp_Example-frameworks.sh\"\n";
			showEnvVarsInLog = 0;
		};
/* End PBXShellScriptBuildPhase section */

/* Begin PBXSourcesBuildPhase section */
		607FACCC1AFB9204008FA782 /* Sources */ = {
			isa = PBXSourcesBuildPhase;
			buildActionMask = 2147483647;
			files = (
				607FACD61AFB9204008FA782 /* AppDelegate.swift in Sources */,
				0B25C66A2304730500F88096 /* HomeCoordinator.swift in Sources */,
				0B25C6672304730500F88096 /* HomeController.swift in Sources */,
				0B25C6682304730500F88096 /* HomeViewModel.swift in Sources */,
				0B25C66B2304730500F88096 /* BootstrapCoordinator.swift in Sources */,
			);
			runOnlyForDeploymentPostprocessing = 0;
		};
		607FACE11AFB9204008FA782 /* Sources */ = {
			isa = PBXSourcesBuildPhase;
			buildActionMask = 2147483647;
			files = (
				0B25C6762304C2B300F88096 /* TestCoordinator.swift in Sources */,
				0B25C6792304C2B300F88096 /* TestAppCoordinator.swift in Sources */,
				0B25C6782304C2B300F88096 /* TestNavigationController.swift in Sources */,
				0B25C6772304C2B300F88096 /* XCTestCase+assertUnwrap.swift in Sources */,
				0B25C67B2304C2B300F88096 /* XCTestCase+assertType.swift in Sources */,
				0B25C67A2304C2B300F88096 /* XCTestCase+assertCast.swift in Sources */,
			);
			runOnlyForDeploymentPostprocessing = 0;
		};
/* End PBXSourcesBuildPhase section */

/* Begin PBXTargetDependency section */
		607FACE71AFB9204008FA782 /* PBXTargetDependency */ = {
			isa = PBXTargetDependency;
			target = 607FACCF1AFB9204008FA782 /* TiltUp_Example */;
			targetProxy = 607FACE61AFB9204008FA782 /* PBXContainerItemProxy */;
		};
/* End PBXTargetDependency section */

/* Begin PBXVariantGroup section */
		0B25C6552304730500F88096 /* LaunchScreen.xib */ = {
			isa = PBXVariantGroup;
			children = (
				0B25C6562304730500F88096 /* Base */,
			);
			name = LaunchScreen.xib;
			sourceTree = "<group>";
		};
/* End PBXVariantGroup section */

/* Begin XCBuildConfiguration section */
		607FACED1AFB9204008FA782 /* Debug */ = {
			isa = XCBuildConfiguration;
			buildSettings = {
				ALWAYS_SEARCH_USER_PATHS = NO;
				CLANG_CXX_LANGUAGE_STANDARD = "gnu++0x";
				CLANG_CXX_LIBRARY = "libc++";
				CLANG_ENABLE_MODULES = YES;
				CLANG_ENABLE_OBJC_ARC = YES;
				CLANG_WARN_BLOCK_CAPTURE_AUTORELEASING = YES;
				CLANG_WARN_BOOL_CONVERSION = YES;
				CLANG_WARN_COMMA = YES;
				CLANG_WARN_CONSTANT_CONVERSION = YES;
				CLANG_WARN_DEPRECATED_OBJC_IMPLEMENTATIONS = YES;
				CLANG_WARN_DIRECT_OBJC_ISA_USAGE = YES_ERROR;
				CLANG_WARN_EMPTY_BODY = YES;
				CLANG_WARN_ENUM_CONVERSION = YES;
				CLANG_WARN_INFINITE_RECURSION = YES;
				CLANG_WARN_INT_CONVERSION = YES;
				CLANG_WARN_NON_LITERAL_NULL_CONVERSION = YES;
				CLANG_WARN_OBJC_IMPLICIT_RETAIN_SELF = YES;
				CLANG_WARN_OBJC_LITERAL_CONVERSION = YES;
				CLANG_WARN_OBJC_ROOT_CLASS = YES_ERROR;
				CLANG_WARN_RANGE_LOOP_ANALYSIS = YES;
				CLANG_WARN_STRICT_PROTOTYPES = YES;
				CLANG_WARN_SUSPICIOUS_MOVE = YES;
				CLANG_WARN_UNREACHABLE_CODE = YES;
				CLANG_WARN__DUPLICATE_METHOD_MATCH = YES;
				"CODE_SIGN_IDENTITY[sdk=iphoneos*]" = "iPhone Developer";
				COPY_PHASE_STRIP = NO;
				DEBUG_INFORMATION_FORMAT = "dwarf-with-dsym";
				ENABLE_STRICT_OBJC_MSGSEND = YES;
				ENABLE_TESTABILITY = YES;
				GCC_C_LANGUAGE_STANDARD = gnu99;
				GCC_DYNAMIC_NO_PIC = NO;
				GCC_NO_COMMON_BLOCKS = YES;
				GCC_OPTIMIZATION_LEVEL = 0;
				GCC_PREPROCESSOR_DEFINITIONS = (
					"DEBUG=1",
					"$(inherited)",
				);
				GCC_SYMBOLS_PRIVATE_EXTERN = NO;
				GCC_WARN_64_TO_32_BIT_CONVERSION = YES;
				GCC_WARN_ABOUT_RETURN_TYPE = YES_ERROR;
				GCC_WARN_UNDECLARED_SELECTOR = YES;
				GCC_WARN_UNINITIALIZED_AUTOS = YES_AGGRESSIVE;
				GCC_WARN_UNUSED_FUNCTION = YES;
				GCC_WARN_UNUSED_VARIABLE = YES;
				IPHONEOS_DEPLOYMENT_TARGET = 11.0;
				MTL_ENABLE_DEBUG_INFO = YES;
				ONLY_ACTIVE_ARCH = YES;
				SDKROOT = iphoneos;
				SWIFT_OPTIMIZATION_LEVEL = "-Onone";
			};
			name = Debug;
		};
		607FACEE1AFB9204008FA782 /* Release */ = {
			isa = XCBuildConfiguration;
			buildSettings = {
				ALWAYS_SEARCH_USER_PATHS = NO;
				CLANG_CXX_LANGUAGE_STANDARD = "gnu++0x";
				CLANG_CXX_LIBRARY = "libc++";
				CLANG_ENABLE_MODULES = YES;
				CLANG_ENABLE_OBJC_ARC = YES;
				CLANG_WARN_BLOCK_CAPTURE_AUTORELEASING = YES;
				CLANG_WARN_BOOL_CONVERSION = YES;
				CLANG_WARN_COMMA = YES;
				CLANG_WARN_CONSTANT_CONVERSION = YES;
				CLANG_WARN_DEPRECATED_OBJC_IMPLEMENTATIONS = YES;
				CLANG_WARN_DIRECT_OBJC_ISA_USAGE = YES_ERROR;
				CLANG_WARN_EMPTY_BODY = YES;
				CLANG_WARN_ENUM_CONVERSION = YES;
				CLANG_WARN_INFINITE_RECURSION = YES;
				CLANG_WARN_INT_CONVERSION = YES;
				CLANG_WARN_NON_LITERAL_NULL_CONVERSION = YES;
				CLANG_WARN_OBJC_IMPLICIT_RETAIN_SELF = YES;
				CLANG_WARN_OBJC_LITERAL_CONVERSION = YES;
				CLANG_WARN_OBJC_ROOT_CLASS = YES_ERROR;
				CLANG_WARN_RANGE_LOOP_ANALYSIS = YES;
				CLANG_WARN_STRICT_PROTOTYPES = YES;
				CLANG_WARN_SUSPICIOUS_MOVE = YES;
				CLANG_WARN_UNREACHABLE_CODE = YES;
				CLANG_WARN__DUPLICATE_METHOD_MATCH = YES;
				"CODE_SIGN_IDENTITY[sdk=iphoneos*]" = "iPhone Developer";
				COPY_PHASE_STRIP = NO;
				DEBUG_INFORMATION_FORMAT = "dwarf-with-dsym";
				ENABLE_NS_ASSERTIONS = NO;
				ENABLE_STRICT_OBJC_MSGSEND = YES;
				GCC_C_LANGUAGE_STANDARD = gnu99;
				GCC_NO_COMMON_BLOCKS = YES;
				GCC_WARN_64_TO_32_BIT_CONVERSION = YES;
				GCC_WARN_ABOUT_RETURN_TYPE = YES_ERROR;
				GCC_WARN_UNDECLARED_SELECTOR = YES;
				GCC_WARN_UNINITIALIZED_AUTOS = YES_AGGRESSIVE;
				GCC_WARN_UNUSED_FUNCTION = YES;
				GCC_WARN_UNUSED_VARIABLE = YES;
				IPHONEOS_DEPLOYMENT_TARGET = 11.0;
				MTL_ENABLE_DEBUG_INFO = NO;
				SDKROOT = iphoneos;
				SWIFT_OPTIMIZATION_LEVEL = "-Owholemodule";
				VALIDATE_PRODUCT = YES;
			};
			name = Release;
		};
		607FACF01AFB9204008FA782 /* Debug */ = {
			isa = XCBuildConfiguration;
			baseConfigurationReference = 2FA9E4AC8DE3E20AC3AB43CA /* Pods-TiltUp_Example.debug.xcconfig */;
			buildSettings = {
				ASSETCATALOG_COMPILER_APPICON_NAME = AppIcon;
				INFOPLIST_FILE = "$(SRCROOT)/TiltUp/SupportFiles/Info.plist";
				LD_RUNPATH_SEARCH_PATHS = "$(inherited) @executable_path/Frameworks";
				MODULE_NAME = ExampleApp;
				PRODUCT_BUNDLE_IDENTIFIER = "com.clutter.demo.TiltUp-Example";
				PRODUCT_NAME = "$(TARGET_NAME)";
				SWIFT_VERSION = 5.0;
			};
			name = Debug;
		};
		607FACF11AFB9204008FA782 /* Release */ = {
			isa = XCBuildConfiguration;
			baseConfigurationReference = 8DF9D5246472A46303CD5C66 /* Pods-TiltUp_Example.release.xcconfig */;
			buildSettings = {
				ASSETCATALOG_COMPILER_APPICON_NAME = AppIcon;
				INFOPLIST_FILE = "$(SRCROOT)/TiltUp/SupportFiles/Info.plist";
				LD_RUNPATH_SEARCH_PATHS = "$(inherited) @executable_path/Frameworks";
				MODULE_NAME = ExampleApp;
				PRODUCT_BUNDLE_IDENTIFIER = "com.clutter.demo.TiltUp-Example";
				PRODUCT_NAME = "$(TARGET_NAME)";
				SWIFT_VERSION = 5.0;
			};
			name = Release;
		};
		607FACF31AFB9204008FA782 /* Debug */ = {
			isa = XCBuildConfiguration;
			baseConfigurationReference = 69E167773BC93AD45EE2331A /* Pods-TiltUp_Tests.debug.xcconfig */;
			buildSettings = {
				FRAMEWORK_SEARCH_PATHS = (
					"$(PLATFORM_DIR)/Developer/Library/Frameworks",
					"$(inherited)",
				);
				GCC_PREPROCESSOR_DEFINITIONS = (
					"DEBUG=1",
					"$(inherited)",
				);
				INFOPLIST_FILE = Tests/Info.plist;
				LD_RUNPATH_SEARCH_PATHS = "$(inherited) @executable_path/Frameworks @loader_path/Frameworks";
				PRODUCT_BUNDLE_IDENTIFIER = "org.cocoapods.$(PRODUCT_NAME:rfc1034identifier)";
				PRODUCT_NAME = "$(TARGET_NAME)";
				SWIFT_VERSION = 5.0;
				TEST_HOST = "$(BUILT_PRODUCTS_DIR)/TiltUp_Example.app/TiltUp_Example";
			};
			name = Debug;
		};
		607FACF41AFB9204008FA782 /* Release */ = {
			isa = XCBuildConfiguration;
			baseConfigurationReference = 39E440778FA32823EB6A6FE1 /* Pods-TiltUp_Tests.release.xcconfig */;
			buildSettings = {
				FRAMEWORK_SEARCH_PATHS = (
					"$(PLATFORM_DIR)/Developer/Library/Frameworks",
					"$(inherited)",
				);
				INFOPLIST_FILE = Tests/Info.plist;
				LD_RUNPATH_SEARCH_PATHS = "$(inherited) @executable_path/Frameworks @loader_path/Frameworks";
				PRODUCT_BUNDLE_IDENTIFIER = "org.cocoapods.$(PRODUCT_NAME:rfc1034identifier)";
				PRODUCT_NAME = "$(TARGET_NAME)";
				SWIFT_VERSION = 5.0;
				TEST_HOST = "$(BUILT_PRODUCTS_DIR)/TiltUp_Example.app/TiltUp_Example";
			};
			name = Release;
		};
/* End XCBuildConfiguration section */

/* Begin XCConfigurationList section */
		607FACCB1AFB9204008FA782 /* Build configuration list for PBXProject "TiltUp" */ = {
			isa = XCConfigurationList;
			buildConfigurations = (
				607FACED1AFB9204008FA782 /* Debug */,
				607FACEE1AFB9204008FA782 /* Release */,
			);
			defaultConfigurationIsVisible = 0;
			defaultConfigurationName = Release;
		};
		607FACEF1AFB9204008FA782 /* Build configuration list for PBXNativeTarget "TiltUp_Example" */ = {
			isa = XCConfigurationList;
			buildConfigurations = (
				607FACF01AFB9204008FA782 /* Debug */,
				607FACF11AFB9204008FA782 /* Release */,
			);
			defaultConfigurationIsVisible = 0;
			defaultConfigurationName = Release;
		};
		607FACF21AFB9204008FA782 /* Build configuration list for PBXNativeTarget "TiltUp_Tests" */ = {
			isa = XCConfigurationList;
			buildConfigurations = (
				607FACF31AFB9204008FA782 /* Debug */,
				607FACF41AFB9204008FA782 /* Release */,
			);
			defaultConfigurationIsVisible = 0;
			defaultConfigurationName = Release;
		};
/* End XCConfigurationList section */
	};
	rootObject = 607FACC81AFB9204008FA782 /* Project object */;
}
